
Microsoft Visual Studio Solution File, Format Version 12.00
# Visual Studio Version 16
VisualStudioVersion = 16.0.29609.76
MinimumVisualStudioVersion = 10.0.40219.1
Project("{FAE04EC0-301F-11D3-BF4B-00C04F79EFBC}") = "Observer_Muster", "Observer_Muster\Observer_Muster.csproj", "{A7D53516-E2DC-4CB5-83F0-05CAAA1A30CE}"
EndProject
Global
	GlobalSection(SolutionConfigurationPlatforms) = preSolution
		Debug|Any CPU = Debug|Any CPU
		Release|Any CPU = Release|Any CPU
	EndGlobalSection
	GlobalSection(ProjectConfigurationPlatforms) = postSolution
		{A7D53516-E2DC-4CB5-83F0-05CAAA1A30CE}.Debug|Any CPU.ActiveCfg = Debug|Any CPU
		{A7D53516-E2DC-4CB5-83F0-05CAAA1A30CE}.Debug|Any CPU.Build.0 = Debug|Any CPU
		{A7D53516-E2DC-4CB5-83F0-05CAAA1A30CE}.Release|Any CPU.ActiveCfg = Release|Any CPU
		{A7D53516-E2DC-4CB5-83F0-05CAAA1A30CE}.Release|Any CPU.Build.0 = Release|Any CPU
	EndGlobalSection
	GlobalSection(SolutionProperties) = preSolution
		HideSolutionNode = FALSE
	EndGlobalSection
	GlobalSection(ExtensibilityGlobals) = postSolution
		SolutionGuid = {F2488753-8AFA-44D4-A0ED-70BAF8774FF3}
	EndGlobalSection
EndGlobal
